// !$*UTF8*$!
{
	archiveVersion = 1;
	classes = {
	};
	objectVersion = 55;
	objects = {

/* Begin PBXBuildFile section */
		5A24EC9127CF73A3001FAA17 /* MoonshotApp.swift in Sources */ = {isa = PBXBuildFile; fileRef = 5A24EC9027CF73A3001FAA17 /* MoonshotApp.swift */; };
		5A24EC9327CF73A3001FAA17 /* ContentView.swift in Sources */ = {isa = PBXBuildFile; fileRef = 5A24EC9227CF73A3001FAA17 /* ContentView.swift */; };
		5A24EC9527CF73A4001FAA17 /* Assets.xcassets in Resources */ = {isa = PBXBuildFile; fileRef = 5A24EC9427CF73A4001FAA17 /* Assets.xcassets */; };
		5A24EC9827CF73A4001FAA17 /* Preview Assets.xcassets in Resources */ = {isa = PBXBuildFile; fileRef = 5A24EC9727CF73A4001FAA17 /* Preview Assets.xcassets */; };
		5A24ECA127CFB5D3001FAA17 /* missions.json in Resources */ = {isa = PBXBuildFile; fileRef = 5A24EC9F27CFB5D3001FAA17 /* missions.json */; };
		5A24ECA227CFB5D3001FAA17 /* astronauts.json in Resources */ = {isa = PBXBuildFile; fileRef = 5A24ECA027CFB5D3001FAA17 /* astronauts.json */; };
		5A24ECA427CFB616001FAA17 /* Astronaut.swift in Sources */ = {isa = PBXBuildFile; fileRef = 5A24ECA327CFB616001FAA17 /* Astronaut.swift */; };
		5A24ECA627CFB69D001FAA17 /* Bundle-Decodable.swift in Sources */ = {isa = PBXBuildFile; fileRef = 5A24ECA527CFB69D001FAA17 /* Bundle-Decodable.swift */; };
		5A24ECA827CFB84F001FAA17 /* Mission.swift in Sources */ = {isa = PBXBuildFile; fileRef = 5A24ECA727CFB84F001FAA17 /* Mission.swift */; };
		5A24ECAA27CFBEB1001FAA17 /* Color-Theme.swift in Sources */ = {isa = PBXBuildFile; fileRef = 5A24ECA927CFBEB1001FAA17 /* Color-Theme.swift */; };
		5A24ECAC27CFC8FA001FAA17 /* MissionView.swift in Sources */ = {isa = PBXBuildFile; fileRef = 5A24ECAB27CFC8FA001FAA17 /* MissionView.swift */; };
		5ADE7D1027CFD1910031DBDD /* AstronautView.swift in Sources */ = {isa = PBXBuildFile; fileRef = 5ADE7D0F27CFD1910031DBDD /* AstronautView.swift */; };
		5AF8D31C27D0B85D00EE266F /* CustomDivider.swift in Sources */ = {isa = PBXBuildFile; fileRef = 5AF8D31B27D0B85D00EE266F /* CustomDivider.swift */; };
		5AF8D31E27D0B98100EE266F /* CrewRoster.swift in Sources */ = {isa = PBXBuildFile; fileRef = 5AF8D31D27D0B98100EE266F /* CrewRoster.swift */; };
		5AF8D32027D0BEEB00EE266F /* GridLayout.swift in Sources */ = {isa = PBXBuildFile; fileRef = 5AF8D31F27D0BEEB00EE266F /* GridLayout.swift */; };
		5AF8D32227D0C05E00EE266F /* ListLayout.swift in Sources */ = {isa = PBXBuildFile; fileRef = 5AF8D32127D0C05E00EE266F /* ListLayout.swift */; };
/* End PBXBuildFile section */

/* Begin PBXFileReference section */
		5A24EC8D27CF73A3001FAA17 /* Moonshot.app */ = {isa = PBXFileReference; explicitFileType = wrapper.application; includeInIndex = 0; path = Moonshot.app; sourceTree = BUILT_PRODUCTS_DIR; };
		5A24EC9027CF73A3001FAA17 /* MoonshotApp.swift */ = {isa = PBXFileReference; lastKnownFileType = sourcecode.swift; path = MoonshotApp.swift; sourceTree = "<group>"; };
		5A24EC9227CF73A3001FAA17 /* ContentView.swift */ = {isa = PBXFileReference; lastKnownFileType = sourcecode.swift; path = ContentView.swift; sourceTree = "<group>"; };
		5A24EC9427CF73A4001FAA17 /* Assets.xcassets */ = {isa = PBXFileReference; lastKnownFileType = folder.assetcatalog; path = Assets.xcassets; sourceTree = "<group>"; };
		5A24EC9727CF73A4001FAA17 /* Preview Assets.xcassets */ = {isa = PBXFileReference; lastKnownFileType = folder.assetcatalog; path = "Preview Assets.xcassets"; sourceTree = "<group>"; };
		5A24EC9E27CF73BB001FAA17 /* README.md */ = {isa = PBXFileReference; lastKnownFileType = net.daringfireball.markdown; path = README.md; sourceTree = "<group>"; };
		5A24EC9F27CFB5D3001FAA17 /* missions.json */ = {isa = PBXFileReference; fileEncoding = 4; lastKnownFileType = text.json; path = missions.json; sourceTree = "<group>"; };
		5A24ECA027CFB5D3001FAA17 /* astronauts.json */ = {isa = PBXFileReference; fileEncoding = 4; lastKnownFileType = text.json; path = astronauts.json; sourceTree = "<group>"; };
		5A24ECA327CFB616001FAA17 /* Astronaut.swift */ = {isa = PBXFileReference; lastKnownFileType = sourcecode.swift; path = Astronaut.swift; sourceTree = "<group>"; };
		5A24ECA527CFB69D001FAA17 /* Bundle-Decodable.swift */ = {isa = PBXFileReference; lastKnownFileType = sourcecode.swift; path = "Bundle-Decodable.swift"; sourceTree = "<group>"; };
		5A24ECA727CFB84F001FAA17 /* Mission.swift */ = {isa = PBXFileReference; lastKnownFileType = sourcecode.swift; path = Mission.swift; sourceTree = "<group>"; };
		5A24ECA927CFBEB1001FAA17 /* Color-Theme.swift */ = {isa = PBXFileReference; lastKnownFileType = sourcecode.swift; path = "Color-Theme.swift"; sourceTree = "<group>"; };
		5A24ECAB27CFC8FA001FAA17 /* MissionView.swift */ = {isa = PBXFileReference; lastKnownFileType = sourcecode.swift; path = MissionView.swift; sourceTree = "<group>"; };
		5ADE7D0F27CFD1910031DBDD /* AstronautView.swift */ = {isa = PBXFileReference; lastKnownFileType = sourcecode.swift; path = AstronautView.swift; sourceTree = "<group>"; };
		5AF8D31B27D0B85D00EE266F /* CustomDivider.swift */ = {isa = PBXFileReference; lastKnownFileType = sourcecode.swift; path = CustomDivider.swift; sourceTree = "<group>"; };
		5AF8D31D27D0B98100EE266F /* CrewRoster.swift */ = {isa = PBXFileReference; lastKnownFileType = sourcecode.swift; path = CrewRoster.swift; sourceTree = "<group>"; };
		5AF8D31F27D0BEEB00EE266F /* GridLayout.swift */ = {isa = PBXFileReference; lastKnownFileType = sourcecode.swift; path = GridLayout.swift; sourceTree = "<group>"; };
		5AF8D32127D0C05E00EE266F /* ListLayout.swift */ = {isa = PBXFileReference; lastKnownFileType = sourcecode.swift; path = ListLayout.swift; sourceTree = "<group>"; };
/* End PBXFileReference section */

/* Begin PBXFrameworksBuildPhase section */
		5A24EC8A27CF73A3001FAA17 /* Frameworks */ = {
			isa = PBXFrameworksBuildPhase;
			buildActionMask = 2147483647;
			files = (
			);
			runOnlyForDeploymentPostprocessing = 0;
		};
/* End PBXFrameworksBuildPhase section */

/* Begin PBXGroup section */
		5A24EC8427CF73A2001FAA17 = {
			isa = PBXGroup;
			children = (
				5A24EC8F27CF73A3001FAA17 /* Moonshot */,
				5A24EC8E27CF73A3001FAA17 /* Products */,
			);
			sourceTree = "<group>";
		};
		5A24EC8E27CF73A3001FAA17 /* Products */ = {
			isa = PBXGroup;
			children = (
				5A24EC8D27CF73A3001FAA17 /* Moonshot.app */,
			);
			name = Products;
			sourceTree = "<group>";
		};
		5A24EC8F27CF73A3001FAA17 /* Moonshot */ = {
			isa = PBXGroup;
			children = (
				5A24EC9027CF73A3001FAA17 /* MoonshotApp.swift */,
				5A24EC9227CF73A3001FAA17 /* ContentView.swift */,
				5A24ECAB27CFC8FA001FAA17 /* MissionView.swift */,
				5ADE7D0F27CFD1910031DBDD /* AstronautView.swift */,
				5AF8D31D27D0B98100EE266F /* CrewRoster.swift */,
				5AF8D31B27D0B85D00EE266F /* CustomDivider.swift */,
				5AF8D31F27D0BEEB00EE266F /* GridLayout.swift */,
				5AF8D32127D0C05E00EE266F /* ListLayout.swift */,
				5A24ECA327CFB616001FAA17 /* Astronaut.swift */,
				5A24ECA727CFB84F001FAA17 /* Mission.swift */,
				5A24ECA527CFB69D001FAA17 /* Bundle-Decodable.swift */,
				5A24ECA927CFBEB1001FAA17 /* Color-Theme.swift */,
				5A24ECA027CFB5D3001FAA17 /* astronauts.json */,
				5A24EC9F27CFB5D3001FAA17 /* missions.json */,
				5A24EC9E27CF73BB001FAA17 /* README.md */,
				5A24EC9427CF73A4001FAA17 /* Assets.xcassets */,
				5A24EC9627CF73A4001FAA17 /* Preview Content */,
			);
			path = Moonshot;
			sourceTree = "<group>";
		};
		5A24EC9627CF73A4001FAA17 /* Preview Content */ = {
			isa = PBXGroup;
			children = (
				5A24EC9727CF73A4001FAA17 /* Preview Assets.xcassets */,
			);
			path = "Preview Content";
			sourceTree = "<group>";
		};
/* End PBXGroup section */

/* Begin PBXNativeTarget section */
		5A24EC8C27CF73A3001FAA17 /* Moonshot */ = {
			isa = PBXNativeTarget;
			buildConfigurationList = 5A24EC9B27CF73A4001FAA17 /* Build configuration list for PBXNativeTarget "Moonshot" */;
			buildPhases = (
				5A24EC8927CF73A3001FAA17 /* Sources */,
				5A24EC8A27CF73A3001FAA17 /* Frameworks */,
				5A24EC8B27CF73A3001FAA17 /* Resources */,
			);
			buildRules = (
			);
			dependencies = (
			);
			name = Moonshot;
			productName = Moonshot;
			productReference = 5A24EC8D27CF73A3001FAA17 /* Moonshot.app */;
			productType = "com.apple.product-type.application";
		};
/* End PBXNativeTarget section */

/* Begin PBXProject section */
		5A24EC8527CF73A2001FAA17 /* Project object */ = {
			isa = PBXProject;
			attributes = {
				BuildIndependentTargetsInParallel = 1;
				LastSwiftUpdateCheck = 1320;
				LastUpgradeCheck = 1320;
				TargetAttributes = {
					5A24EC8C27CF73A3001FAA17 = {
						CreatedOnToolsVersion = 13.2.1;
					};
				};
			};
			buildConfigurationList = 5A24EC8827CF73A2001FAA17 /* Build configuration list for PBXProject "Moonshot" */;
			compatibilityVersion = "Xcode 13.0";
			developmentRegion = en;
			hasScannedForEncodings = 0;
			knownRegions = (
				en,
				Base,
			);
			mainGroup = 5A24EC8427CF73A2001FAA17;
			productRefGroup = 5A24EC8E27CF73A3001FAA17 /* Products */;
			projectDirPath = "";
			projectRoot = "";
			targets = (
				5A24EC8C27CF73A3001FAA17 /* Moonshot */,
			);
		};
/* End PBXProject section */

/* Begin PBXResourcesBuildPhase section */
		5A24EC8B27CF73A3001FAA17 /* Resources */ = {
			isa = PBXResourcesBuildPhase;
			buildActionMask = 2147483647;
			files = (
				5A24EC9827CF73A4001FAA17 /* Preview Assets.xcassets in Resources */,
				5A24ECA127CFB5D3001FAA17 /* missions.json in Resources */,
				5A24EC9527CF73A4001FAA17 /* Assets.xcassets in Resources */,
				5A24ECA227CFB5D3001FAA17 /* astronauts.json in Resources */,
			);
			runOnlyForDeploymentPostprocessing = 0;
		};
/* End PBXResourcesBuildPhase section */

/* Begin PBXSourcesBuildPhase section */
		5A24EC8927CF73A3001FAA17 /* Sources */ = {
			isa = PBXSourcesBuildPhase;
			buildActionMask = 2147483647;
			files = (
				5A24ECAC27CFC8FA001FAA17 /* MissionView.swift in Sources */,
				5A24ECA427CFB616001FAA17 /* Astronaut.swift in Sources */,
				5ADE7D1027CFD1910031DBDD /* AstronautView.swift in Sources */,
				5AF8D31E27D0B98100EE266F /* CrewRoster.swift in Sources */,
				5A24ECAA27CFBEB1001FAA17 /* Color-Theme.swift in Sources */,
				5A24EC9327CF73A3001FAA17 /* ContentView.swift in Sources */,
				5A24EC9127CF73A3001FAA17 /* MoonshotApp.swift in Sources */,
				5A24ECA827CFB84F001FAA17 /* Mission.swift in Sources */,
				5A24ECA627CFB69D001FAA17 /* Bundle-Decodable.swift in Sources */,
				5AF8D32227D0C05E00EE266F /* ListLayout.swift in Sources */,
				5AF8D31C27D0B85D00EE266F /* CustomDivider.swift in Sources */,
				5AF8D32027D0BEEB00EE266F /* GridLayout.swift in Sources */,
			);
			runOnlyForDeploymentPostprocessing = 0;
		};
/* End PBXSourcesBuildPhase section */

/* Begin XCBuildConfiguration section */
		5A24EC9927CF73A4001FAA17 /* Debug */ = {
			isa = XCBuildConfiguration;
			buildSettings = {
				ALWAYS_SEARCH_USER_PATHS = NO;
				CLANG_ANALYZER_NONNULL = YES;
				CLANG_ANALYZER_NUMBER_OBJECT_CONVERSION = YES_AGGRESSIVE;
				CLANG_CXX_LANGUAGE_STANDARD = "gnu++17";
				CLANG_CXX_LIBRARY = "libc++";
				CLANG_ENABLE_MODULES = YES;
				CLANG_ENABLE_OBJC_ARC = YES;
				CLANG_ENABLE_OBJC_WEAK = YES;
				CLANG_WARN_BLOCK_CAPTURE_AUTORELEASING = YES;
				CLANG_WARN_BOOL_CONVERSION = YES;
				CLANG_WARN_COMMA = YES;
				CLANG_WARN_CONSTANT_CONVERSION = YES;
				CLANG_WARN_DEPRECATED_OBJC_IMPLEMENTATIONS = YES;
				CLANG_WARN_DIRECT_OBJC_ISA_USAGE = YES_ERROR;
				CLANG_WARN_DOCUMENTATION_COMMENTS = YES;
				CLANG_WARN_EMPTY_BODY = YES;
				CLANG_WARN_ENUM_CONVERSION = YES;
				CLANG_WARN_INFINITE_RECURSION = YES;
				CLANG_WARN_INT_CONVERSION = YES;
				CLANG_WARN_NON_LITERAL_NULL_CONVERSION = YES;
				CLANG_WARN_OBJC_IMPLICIT_RETAIN_SELF = YES;
				CLANG_WARN_OBJC_LITERAL_CONVERSION = YES;
				CLANG_WARN_OBJC_ROOT_CLASS = YES_ERROR;
				CLANG_WARN_QUOTED_INCLUDE_IN_FRAMEWORK_HEADER = YES;
				CLANG_WARN_RANGE_LOOP_ANALYSIS = YES;
				CLANG_WARN_STRICT_PROTOTYPES = YES;
				CLANG_WARN_SUSPICIOUS_MOVE = YES;
				CLANG_WARN_UNGUARDED_AVAILABILITY = YES_AGGRESSIVE;
				CLANG_WARN_UNREACHABLE_CODE = YES;
				CLANG_WARN__DUPLICATE_METHOD_MATCH = YES;
				COPY_PHASE_STRIP = NO;
				DEBUG_INFORMATION_FORMAT = dwarf;
				ENABLE_STRICT_OBJC_MSGSEND = YES;
				ENABLE_TESTABILITY = YES;
				GCC_C_LANGUAGE_STANDARD = gnu11;
				GCC_DYNAMIC_NO_PIC = NO;
				GCC_NO_COMMON_BLOCKS = YES;
				GCC_OPTIMIZATION_LEVEL = 0;
				GCC_PREPROCESSOR_DEFINITIONS = (
					"DEBUG=1",
					"$(inherited)",
				);
				GCC_WARN_64_TO_32_BIT_CONVERSION = YES;
				GCC_WARN_ABOUT_RETURN_TYPE = YES_ERROR;
				GCC_WARN_UNDECLARED_SELECTOR = YES;
				GCC_WARN_UNINITIALIZED_AUTOS = YES_AGGRESSIVE;
				GCC_WARN_UNUSED_FUNCTION = YES;
				GCC_WARN_UNUSED_VARIABLE = YES;
				IPHONEOS_DEPLOYMENT_TARGET = 15.2;
				MTL_ENABLE_DEBUG_INFO = INCLUDE_SOURCE;
				MTL_FAST_MATH = YES;
				ONLY_ACTIVE_ARCH = YES;
				SDKROOT = iphoneos;
				SWIFT_ACTIVE_COMPILATION_CONDITIONS = DEBUG;
				SWIFT_OPTIMIZATION_LEVEL = "-Onone";
			};
			name = Debug;
		};
		5A24EC9A27CF73A4001FAA17 /* Release */ = {
			isa = XCBuildConfiguration;
			buildSettings = {
				ALWAYS_SEARCH_USER_PATHS = NO;
				CLANG_ANALYZER_NONNULL = YES;
				CLANG_ANALYZER_NUMBER_OBJECT_CONVERSION = YES_AGGRESSIVE;
				CLANG_CXX_LANGUAGE_STANDARD = "gnu++17";
				CLANG_CXX_LIBRARY = "libc++";
				CLANG_ENABLE_MODULES = YES;
				CLANG_ENABLE_OBJC_ARC = YES;
				CLANG_ENABLE_OBJC_WEAK = YES;
				CLANG_WARN_BLOCK_CAPTURE_AUTORELEASING = YES;
				CLANG_WARN_BOOL_CONVERSION = YES;
				CLANG_WARN_COMMA = YES;
				CLANG_WARN_CONSTANT_CONVERSION = YES;
				CLANG_WARN_DEPRECATED_OBJC_IMPLEMENTATIONS = YES;
				CLANG_WARN_DIRECT_OBJC_ISA_USAGE = YES_ERROR;
				CLANG_WARN_DOCUMENTATION_COMMENTS = YES;
				CLANG_WARN_EMPTY_BODY = YES;
				CLANG_WARN_ENUM_CONVERSION = YES;
				CLANG_WARN_INFINITE_RECURSION = YES;
				CLANG_WARN_INT_CONVERSION = YES;
				CLANG_WARN_NON_LITERAL_NULL_CONVERSION = YES;
				CLANG_WARN_OBJC_IMPLICIT_RETAIN_SELF = YES;
				CLANG_WARN_OBJC_LITERAL_CONVERSION = YES;
				CLANG_WARN_OBJC_ROOT_CLASS = YES_ERROR;
				CLANG_WARN_QUOTED_INCLUDE_IN_FRAMEWORK_HEADER = YES;
				CLANG_WARN_RANGE_LOOP_ANALYSIS = YES;
				CLANG_WARN_STRICT_PROTOTYPES = YES;
				CLANG_WARN_SUSPICIOUS_MOVE = YES;
				CLANG_WARN_UNGUARDED_AVAILABILITY = YES_AGGRESSIVE;
				CLANG_WARN_UNREACHABLE_CODE = YES;
				CLANG_WARN__DUPLICATE_METHOD_MATCH = YES;
				COPY_PHASE_STRIP = NO;
				DEBUG_INFORMATION_FORMAT = "dwarf-with-dsym";
				ENABLE_NS_ASSERTIONS = NO;
				ENABLE_STRICT_OBJC_MSGSEND = YES;
				GCC_C_LANGUAGE_STANDARD = gnu11;
				GCC_NO_COMMON_BLOCKS = YES;
				GCC_WARN_64_TO_32_BIT_CONVERSION = YES;
				GCC_WARN_ABOUT_RETURN_TYPE = YES_ERROR;
				GCC_WARN_UNDECLARED_SELECTOR = YES;
				GCC_WARN_UNINITIALIZED_AUTOS = YES_AGGRESSIVE;
				GCC_WARN_UNUSED_FUNCTION = YES;
				GCC_WARN_UNUSED_VARIABLE = YES;
				IPHONEOS_DEPLOYMENT_TARGET = 15.2;
				MTL_ENABLE_DEBUG_INFO = NO;
				MTL_FAST_MATH = YES;
				SDKROOT = iphoneos;
				SWIFT_COMPILATION_MODE = wholemodule;
				SWIFT_OPTIMIZATION_LEVEL = "-O";
				VALIDATE_PRODUCT = YES;
			};
			name = Release;
		};
		5A24EC9C27CF73A4001FAA17 /* Debug */ = {
			isa = XCBuildConfiguration;
			buildSettings = {
				ASSETCATALOG_COMPILER_APPICON_NAME = AppIcon;
				ASSETCATALOG_COMPILER_GLOBAL_ACCENT_COLOR_NAME = AccentColor;
				CODE_SIGN_STYLE = Automatic;
				CURRENT_PROJECT_VERSION = 1;
				DEVELOPMENT_ASSET_PATHS = "\"Moonshot/Preview Content\"";
				DEVELOPMENT_TEAM = C49U28DLR9;
				ENABLE_PREVIEWS = YES;
				GENERATE_INFOPLIST_FILE = YES;
				INFOPLIST_KEY_UIApplicationSceneManifest_Generation = YES;
				INFOPLIST_KEY_UIApplicationSupportsIndirectInputEvents = YES;
				INFOPLIST_KEY_UILaunchScreen_Generation = YES;
				INFOPLIST_KEY_UISupportedInterfaceOrientations_iPad = "UIInterfaceOrientationPortrait UIInterfaceOrientationPortraitUpsideDown UIInterfaceOrientationLandscapeLeft UIInterfaceOrientationLandscapeRight";
				INFOPLIST_KEY_UISupportedInterfaceOrientations_iPhone = "UIInterfaceOrientationPortrait UIInterfaceOrientationLandscapeLeft UIInterfaceOrientationLandscapeRight";
				LD_RUNPATH_SEARCH_PATHS = (
					"$(inherited)",
					"@executable_path/Frameworks",
				);
				MARKETING_VERSION = 1.0;
				PRODUCT_BUNDLE_IDENTIFIER = com.filipedonadio.Moonshot;
				PRODUCT_NAME = "$(TARGET_NAME)";
				SWIFT_EMIT_LOC_STRINGS = YES;
				SWIFT_VERSION = 5.0;
				TARGETED_DEVICE_FAMILY = "1,2";
			};
			name = Debug;
		};
		5A24EC9D27CF73A4001FAA17 /* Release */ = {
			isa = XCBuildConfiguration;
			buildSettings = {
				ASSETCATALOG_COMPILER_APPICON_NAME = AppIcon;
				ASSETCATALOG_COMPILER_GLOBAL_ACCENT_COLOR_NAME = AccentColor;
				CODE_SIGN_STYLE = Automatic;
				CURRENT_PROJECT_VERSION = 1;
				DEVELOPMENT_ASSET_PATHS = "\"Moonshot/Preview Content\"";
				DEVELOPMENT_TEAM = C49U28DLR9;
				ENABLE_PREVIEWS = YES;
				GENERATE_INFOPLIST_FILE = YES;
				INFOPLIST_KEY_UIApplicationSceneManifest_Generation = YES;
				INFOPLIST_KEY_UIApplicationSupportsIndirectInputEvents = YES;
				INFOPLIST_KEY_UILaunchScreen_Generation = YES;
				INFOPLIST_KEY_UISupportedInterfaceOrientations_iPad = "UIInterfaceOrientationPortrait UIInterfaceOrientationPortraitUpsideDown UIInterfaceOrientationLandscapeLeft UIInterfaceOrientationLandscapeRight";
				INFOPLIST_KEY_UISupportedInterfaceOrientations_iPhone = "UIInterfaceOrientationPortrait UIInterfaceOrientationLandscapeLeft UIInterfaceOrientationLandscapeRight";
				LD_RUNPATH_SEARCH_PATHS = (
					"$(inherited)",
					"@executable_path/Frameworks",
				);
				MARKETING_VERSION = 1.0;
				PRODUCT_BUNDLE_IDENTIFIER = com.filipedonadio.Moonshot;
				PRODUCT_NAME = "$(TARGET_NAME)";
				SWIFT_EMIT_LOC_STRINGS = YES;
				SWIFT_VERSION = 5.0;
				TARGETED_DEVICE_FAMILY = "1,2";
			};
			name = Release;
		};
/* End XCBuildConfiguration section */

/* Begin XCConfigurationList section */
		5A24EC8827CF73A2001FAA17 /* Build configuration list for PBXProject "Moonshot" */ = {
			isa = XCConfigurationList;
			buildConfigurations = (
				5A24EC9927CF73A4001FAA17 /* Debug */,
				5A24EC9A27CF73A4001FAA17 /* Release */,
			);
			defaultConfigurationIsVisible = 0;
			defaultConfigurationName = Release;
		};
		5A24EC9B27CF73A4001FAA17 /* Build configuration list for PBXNativeTarget "Moonshot" */ = {
			isa = XCConfigurationList;
			buildConfigurations = (
				5A24EC9C27CF73A4001FAA17 /* Debug */,
				5A24EC9D27CF73A4001FAA17 /* Release */,
			);
			defaultConfigurationIsVisible = 0;
			defaultConfigurationName = Release;
		};
/* End XCConfigurationList section */
	};
	rootObject = 5A24EC8527CF73A2001FAA17 /* Project object */;
}
